
Microsoft Visual Studio Solution File, Format Version 12.00
Project("{FAE04EC0-301F-11D3-BF4B-00C04F79EFBC}") = "Machine", "Machine\Machine.csproj", "{D262457F-1D67-41E3-B3DA-2C12EC83FCFC}"
EndProject
Global
	GlobalSection(SolutionConfigurationPlatforms) = preSolution
		Debug|Any CPU = Debug|Any CPU
		Release|Any CPU = Release|Any CPU
	EndGlobalSection
	GlobalSection(ProjectConfigurationPlatforms) = postSolution
		{D262457F-1D67-41E3-B3DA-2C12EC83FCFC}.Debug|Any CPU.ActiveCfg = Debug|Any CPU
		{D262457F-1D67-41E3-B3DA-2C12EC83FCFC}.Debug|Any CPU.Build.0 = Debug|Any CPU
		{D262457F-1D67-41E3-B3DA-2C12EC83FCFC}.Release|Any CPU.ActiveCfg = Release|Any CPU
		{D262457F-1D67-41E3-B3DA-2C12EC83FCFC}.Release|Any CPU.Build.0 = Release|Any CPU
	EndGlobalSection
EndGlobal
